
Microsoft Visual Studio Solution File, Format Version 12.00
# Visual Studio Version 16
VisualStudioVersion = 16.0.31320.298
MinimumVisualStudioVersion = 10.0.40219.1
Project("{9A19103F-16F7-4668-BE54-9A1E7A4F7556}") = "LapisItemEditor", "LapisItemEditor\LapisItemEditor.csproj", "{4E07D17A-E223-4B66-A264-43D20E391585}"
EndProject
Project("{FAE04EC0-301F-11D3-BF4B-00C04F79EFBC}") = "Backend", "Backend\Backend.csproj", "{895DC2CB-ACA8-4D46-917E-95523F05B1EF}"
EndProject
Global
	GlobalSection(SolutionConfigurationPlatforms) = preSolution
		Debug|Any CPU = Debug|Any CPU
		Release|Any CPU = Release|Any CPU
	EndGlobalSection
	GlobalSection(ProjectConfigurationPlatforms) = postSolution
		{4E07D17A-E223-4B66-A264-43D20E391585}.Debug|Any CPU.ActiveCfg = Debug|Any CPU
		{4E07D17A-E223-4B66-A264-43D20E391585}.Debug|Any CPU.Build.0 = Debug|Any CPU
		{4E07D17A-E223-4B66-A264-43D20E391585}.Release|Any CPU.ActiveCfg = Release|Any CPU
		{4E07D17A-E223-4B66-A264-43D20E391585}.Release|Any CPU.Build.0 = Release|Any CPU
		{895DC2CB-ACA8-4D46-917E-95523F05B1EF}.Debug|Any CPU.ActiveCfg = Debug|Any CPU
		{895DC2CB-ACA8-4D46-917E-95523F05B1EF}.Debug|Any CPU.Build.0 = Debug|Any CPU
		{895DC2CB-ACA8-4D46-917E-95523F05B1EF}.Release|Any CPU.ActiveCfg = Release|Any CPU
		{895DC2CB-ACA8-4D46-917E-95523F05B1EF}.Release|Any CPU.Build.0 = Release|Any CPU
	EndGlobalSection
	GlobalSection(SolutionProperties) = preSolution
		HideSolutionNode = FALSE
	EndGlobalSection
	GlobalSection(ExtensibilityGlobals) = postSolution
		SolutionGuid = {4822C9A9-D917-4C20-A32E-B2EF161859F3}
	EndGlobalSection
EndGlobal
